
Microsoft Visual Studio Solution File, Format Version 12.00
# Visual Studio Version 17
VisualStudioVersion = 17.7.34003.232
MinimumVisualStudioVersion = 10.0.40219.1
Project("{9A19103F-16F7-4668-BE54-9A1E7A4F7556}") = "CompanyEmployees", "CompanyEmployees\CompanyEmployees.csproj", "{03AD79F2-9595-4C0E-97A1-BFD78FEF7F62}"
EndProject
Project("{9A19103F-16F7-4668-BE54-9A1E7A4F7556}") = "Contracts", "Contracts\Contracts.csproj", "{8CCD68A5-25AF-4834-8C05-4ADF3AABE757}"
EndProject
Project("{9A19103F-16F7-4668-BE54-9A1E7A4F7556}") = "LoggerService", "LoggerService\LoggerService.csproj", "{A74384B4-0B57-45C4-8827-E3D1D1FC125C}"
EndProject
Project("{FAE04EC0-301F-11D3-BF4B-00C04F79EFBC}") = "Entities", "Entities\Entities.csproj", "{4CFA085D-5F68-4560-9E3C-922FB28D1FFB}"
EndProject
Global
	GlobalSection(SolutionConfigurationPlatforms) = preSolution
		Debug|Any CPU = Debug|Any CPU
		Release|Any CPU = Release|Any CPU
	EndGlobalSection
	GlobalSection(ProjectConfigurationPlatforms) = postSolution
		{03AD79F2-9595-4C0E-97A1-BFD78FEF7F62}.Debug|Any CPU.ActiveCfg = Debug|Any CPU
		{03AD79F2-9595-4C0E-97A1-BFD78FEF7F62}.Debug|Any CPU.Build.0 = Debug|Any CPU
		{03AD79F2-9595-4C0E-97A1-BFD78FEF7F62}.Release|Any CPU.ActiveCfg = Release|Any CPU
		{03AD79F2-9595-4C0E-97A1-BFD78FEF7F62}.Release|Any CPU.Build.0 = Release|Any CPU
		{8CCD68A5-25AF-4834-8C05-4ADF3AABE757}.Debug|Any CPU.ActiveCfg = Debug|Any CPU
		{8CCD68A5-25AF-4834-8C05-4ADF3AABE757}.Debug|Any CPU.Build.0 = Debug|Any CPU
		{8CCD68A5-25AF-4834-8C05-4ADF3AABE757}.Release|Any CPU.ActiveCfg = Release|Any CPU
		{8CCD68A5-25AF-4834-8C05-4ADF3AABE757}.Release|Any CPU.Build.0 = Release|Any CPU
		{A74384B4-0B57-45C4-8827-E3D1D1FC125C}.Debug|Any CPU.ActiveCfg = Debug|Any CPU
		{A74384B4-0B57-45C4-8827-E3D1D1FC125C}.Debug|Any CPU.Build.0 = Debug|Any CPU
		{A74384B4-0B57-45C4-8827-E3D1D1FC125C}.Release|Any CPU.ActiveCfg = Release|Any CPU
		{A74384B4-0B57-45C4-8827-E3D1D1FC125C}.Release|Any CPU.Build.0 = Release|Any CPU
		{4CFA085D-5F68-4560-9E3C-922FB28D1FFB}.Debug|Any CPU.ActiveCfg = Debug|Any CPU
		{4CFA085D-5F68-4560-9E3C-922FB28D1FFB}.Debug|Any CPU.Build.0 = Debug|Any CPU
		{4CFA085D-5F68-4560-9E3C-922FB28D1FFB}.Release|Any CPU.ActiveCfg = Release|Any CPU
		{4CFA085D-5F68-4560-9E3C-922FB28D1FFB}.Release|Any CPU.Build.0 = Release|Any CPU
	EndGlobalSection
	GlobalSection(SolutionProperties) = preSolution
		HideSolutionNode = FALSE
	EndGlobalSection
	GlobalSection(ExtensibilityGlobals) = postSolution
		SolutionGuid = {6CDBC73B-BADD-44E9-AA61-73FD063A00C7}
	EndGlobalSection
EndGlobal
